// !$*UTF8*$!
{
	archiveVersion = 1;
	classes = {
	};
	objectVersion = 46;
	objects = {

/* Begin PBXBuildFile section */
		6C023153D2A94B432DB9B7BE /* Pods_Task.framework in Frameworks */ = {isa = PBXBuildFile; fileRef = D2B947A8483CA04A9DA5DC98 /* Pods_Task.framework */; };
		AF02C3661DB9CC6400E1496E /* TextFieldExtension.swift in Sources */ = {isa = PBXBuildFile; fileRef = AF02C3651DB9CC6400E1496E /* TextFieldExtension.swift */; };
		AF02C36A1DB9DF8A00E1496E /* DataStore.swift in Sources */ = {isa = PBXBuildFile; fileRef = AF02C3691DB9DF8A00E1496E /* DataStore.swift */; };
		AF02C36D1DB9E0F600E1496E /* Constants.swift in Sources */ = {isa = PBXBuildFile; fileRef = AF02C36C1DB9E0F600E1496E /* Constants.swift */; };
		AF02C36F1DB9E24700E1496E /* TaskListViewController.swift in Sources */ = {isa = PBXBuildFile; fileRef = AF02C36E1DB9E24700E1496E /* TaskListViewController.swift */; };
		AF02C3711DB9E27500E1496E /* ProfileViewController.swift in Sources */ = {isa = PBXBuildFile; fileRef = AF02C3701DB9E27500E1496E /* ProfileViewController.swift */; };
		AF02C3731DB9E29A00E1496E /* AddTaskViewController.swift in Sources */ = {isa = PBXBuildFile; fileRef = AF02C3721DB9E29A00E1496E /* AddTaskViewController.swift */; };
		AF02C3751DB9E47A00E1496E /* User.swift in Sources */ = {isa = PBXBuildFile; fileRef = AF02C3741DB9E47A00E1496E /* User.swift */; };
		AF02C3771DB9E4A600E1496E /* NSDate+Extension.swift in Sources */ = {isa = PBXBuildFile; fileRef = AF02C3761DB9E4A600E1496E /* NSDate+Extension.swift */; };
		AF02C3791DB9E91000E1496E /* AddTaskView.swift in Sources */ = {isa = PBXBuildFile; fileRef = AF02C3781DB9E91000E1496E /* AddTaskView.swift */; };
		AF02C37B1DB9E96000E1496E /* SignupView.swift in Sources */ = {isa = PBXBuildFile; fileRef = AF02C37A1DB9E96000E1496E /* SignupView.swift */; };
		AF02C37D1DB9E9A800E1496E /* SignupViewController.swift in Sources */ = {isa = PBXBuildFile; fileRef = AF02C37C1DB9E9A800E1496E /* SignupViewController.swift */; };
		AF02C37F1DB9EF0D00E1496E /* LoadingView.swift in Sources */ = {isa = PBXBuildFile; fileRef = AF02C37E1DB9EF0D00E1496E /* LoadingView.swift */; };
		AF02C3811DB9EF4300E1496E /* String+Extension.swift in Sources */ = {isa = PBXBuildFile; fileRef = AF02C3801DB9EF4300E1496E /* String+Extension.swift */; };
		AFD9257F1DB9BFFB0031EC20 /* AppDelegate.swift in Sources */ = {isa = PBXBuildFile; fileRef = AFD9257E1DB9BFFB0031EC20 /* AppDelegate.swift */; };
		AFD925861DB9BFFB0031EC20 /* Assets.xcassets in Resources */ = {isa = PBXBuildFile; fileRef = AFD925851DB9BFFB0031EC20 /* Assets.xcassets */; };
		AFD925891DB9BFFB0031EC20 /* LaunchScreen.storyboard in Resources */ = {isa = PBXBuildFile; fileRef = AFD925871DB9BFFB0031EC20 /* LaunchScreen.storyboard */; };
		AFD925911DB9C0050031EC20 /* GoogleService-Info.plist in Resources */ = {isa = PBXBuildFile; fileRef = AFD925901DB9C0050031EC20 /* GoogleService-Info.plist */; };
		AFD925931DB9C1100031EC20 /* TabBarController.swift in Sources */ = {isa = PBXBuildFile; fileRef = AFD925921DB9C1100031EC20 /* TabBarController.swift */; };
		AFD925961DB9C1490031EC20 /* HomeViewController.swift in Sources */ = {isa = PBXBuildFile; fileRef = AFD925951DB9C1490031EC20 /* HomeViewController.swift */; };
		AFD925981DB9C1620031EC20 /* LoginViewController.swift in Sources */ = {isa = PBXBuildFile; fileRef = AFD925971DB9C1620031EC20 /* LoginViewController.swift */; };
		AFD9259A1DB9C1880031EC20 /* LoginView.swift in Sources */ = {isa = PBXBuildFile; fileRef = AFD925991DB9C1880031EC20 /* LoginView.swift */; };
		AFD925A21DB9C4C50031EC20 /* Task.swift in Sources */ = {isa = PBXBuildFile; fileRef = AFD925A11DB9C4C50031EC20 /* Task.swift */; };
		AFD925A81DB9C5810031EC20 /* TaskCell.swift in Sources */ = {isa = PBXBuildFile; fileRef = AFD925A71DB9C5810031EC20 /* TaskCell.swift */; };
/* End PBXBuildFile section */

/* Begin PBXFileReference section */
		228E40773CCA572F00EB1475 /* Pods-Task.release.xcconfig */ = {isa = PBXFileReference; includeInIndex = 1; lastKnownFileType = text.xcconfig; name = "Pods-Task.release.xcconfig"; path = "Pods/Target Support Files/Pods-Task/Pods-Task.release.xcconfig"; sourceTree = "<group>"; };
		4EA89D04B71560E8DD7E1F21 /* Pods-Task.debug.xcconfig */ = {isa = PBXFileReference; includeInIndex = 1; lastKnownFileType = text.xcconfig; name = "Pods-Task.debug.xcconfig"; path = "Pods/Target Support Files/Pods-Task/Pods-Task.debug.xcconfig"; sourceTree = "<group>"; };
		AF02C3651DB9CC6400E1496E /* TextFieldExtension.swift */ = {isa = PBXFileReference; fileEncoding = 4; lastKnownFileType = sourcecode.swift; path = TextFieldExtension.swift; sourceTree = "<group>"; };
		AF02C3691DB9DF8A00E1496E /* DataStore.swift */ = {isa = PBXFileReference; fileEncoding = 4; lastKnownFileType = sourcecode.swift; name = DataStore.swift; path = Models/DataStore.swift; sourceTree = "<group>"; };
		AF02C36C1DB9E0F600E1496E /* Constants.swift */ = {isa = PBXFileReference; fileEncoding = 4; lastKnownFileType = sourcecode.swift; name = Constants.swift; path = Views/Constants.swift; sourceTree = "<group>"; };
		AF02C36E1DB9E24700E1496E /* TaskListViewController.swift */ = {isa = PBXFileReference; fileEncoding = 4; lastKnownFileType = sourcecode.swift; name = TaskListViewController.swift; path = Controllers/TaskListViewController.swift; sourceTree = "<group>"; };
		AF02C3701DB9E27500E1496E /* ProfileViewController.swift */ = {isa = PBXFileReference; fileEncoding = 4; lastKnownFileType = sourcecode.swift; name = ProfileViewController.swift; path = Controllers/ProfileViewController.swift; sourceTree = "<group>"; };
		AF02C3721DB9E29A00E1496E /* AddTaskViewController.swift */ = {isa = PBXFileReference; fileEncoding = 4; lastKnownFileType = sourcecode.swift; name = AddTaskViewController.swift; path = Controllers/AddTaskViewController.swift; sourceTree = "<group>"; };
		AF02C3741DB9E47A00E1496E /* User.swift */ = {isa = PBXFileReference; fileEncoding = 4; lastKnownFileType = sourcecode.swift; name = User.swift; path = Models/User.swift; sourceTree = "<group>"; };
		AF02C3761DB9E4A600E1496E /* NSDate+Extension.swift */ = {isa = PBXFileReference; fileEncoding = 4; lastKnownFileType = sourcecode.swift; name = "NSDate+Extension.swift"; path = "Extensions/NSDate+Extension.swift"; sourceTree = "<group>"; };
		AF02C3781DB9E91000E1496E /* AddTaskView.swift */ = {isa = PBXFileReference; fileEncoding = 4; lastKnownFileType = sourcecode.swift; name = AddTaskView.swift; path = Views/AddTaskView.swift; sourceTree = "<group>"; };
		AF02C37A1DB9E96000E1496E /* SignupView.swift */ = {isa = PBXFileReference; fileEncoding = 4; lastKnownFileType = sourcecode.swift; name = SignupView.swift; path = Views/SignupView.swift; sourceTree = "<group>"; };
		AF02C37C1DB9E9A800E1496E /* SignupViewController.swift */ = {isa = PBXFileReference; fileEncoding = 4; lastKnownFileType = sourcecode.swift; name = SignupViewController.swift; path = Controllers/SignupViewController.swift; sourceTree = "<group>"; };
		AF02C37E1DB9EF0D00E1496E /* LoadingView.swift */ = {isa = PBXFileReference; fileEncoding = 4; lastKnownFileType = sourcecode.swift; name = LoadingView.swift; path = Views/LoadingView.swift; sourceTree = "<group>"; };
		AF02C3801DB9EF4300E1496E /* String+Extension.swift */ = {isa = PBXFileReference; fileEncoding = 4; lastKnownFileType = sourcecode.swift; name = "String+Extension.swift"; path = "Extensions/String+Extension.swift"; sourceTree = "<group>"; };
		AFD9257B1DB9BFFB0031EC20 /* Task.app */ = {isa = PBXFileReference; explicitFileType = wrapper.application; includeInIndex = 0; path = Task.app; sourceTree = BUILT_PRODUCTS_DIR; };
		AFD9257E1DB9BFFB0031EC20 /* AppDelegate.swift */ = {isa = PBXFileReference; lastKnownFileType = sourcecode.swift; path = AppDelegate.swift; sourceTree = "<group>"; };
		AFD925851DB9BFFB0031EC20 /* Assets.xcassets */ = {isa = PBXFileReference; lastKnownFileType = folder.assetcatalog; path = Assets.xcassets; sourceTree = "<group>"; };
		AFD925881DB9BFFB0031EC20 /* Base */ = {isa = PBXFileReference; lastKnownFileType = file.storyboard; name = Base; path = Base.lproj/LaunchScreen.storyboard; sourceTree = "<group>"; };
		AFD9258A1DB9BFFB0031EC20 /* Info.plist */ = {isa = PBXFileReference; lastKnownFileType = text.plist.xml; path = Info.plist; sourceTree = "<group>"; };
		AFD925901DB9C0050031EC20 /* GoogleService-Info.plist */ = {isa = PBXFileReference; fileEncoding = 4; lastKnownFileType = text.plist.xml; path = "GoogleService-Info.plist"; sourceTree = "<group>"; };
		AFD925921DB9C1100031EC20 /* TabBarController.swift */ = {isa = PBXFileReference; fileEncoding = 4; lastKnownFileType = sourcecode.swift; name = TabBarController.swift; path = Controllers/TabBarController.swift; sourceTree = "<group>"; };
		AFD925951DB9C1490031EC20 /* HomeViewController.swift */ = {isa = PBXFileReference; fileEncoding = 4; lastKnownFileType = sourcecode.swift; name = HomeViewController.swift; path = Controllers/HomeViewController.swift; sourceTree = "<group>"; };
		AFD925971DB9C1620031EC20 /* LoginViewController.swift */ = {isa = PBXFileReference; fileEncoding = 4; lastKnownFileType = sourcecode.swift; name = LoginViewController.swift; path = Controllers/LoginViewController.swift; sourceTree = "<group>"; };
		AFD925991DB9C1880031EC20 /* LoginView.swift */ = {isa = PBXFileReference; fileEncoding = 4; lastKnownFileType = sourcecode.swift; name = LoginView.swift; path = Views/LoginView.swift; sourceTree = "<group>"; };
		AFD925A11DB9C4C50031EC20 /* Task.swift */ = {isa = PBXFileReference; fileEncoding = 4; lastKnownFileType = sourcecode.swift; name = Task.swift; path = Models/Task.swift; sourceTree = "<group>"; };
		AFD925A71DB9C5810031EC20 /* TaskCell.swift */ = {isa = PBXFileReference; fileEncoding = 4; lastKnownFileType = sourcecode.swift; name = TaskCell.swift; path = Views/Cells/TaskCell.swift; sourceTree = "<group>"; };
		D2B947A8483CA04A9DA5DC98 /* Pods_Task.framework */ = {isa = PBXFileReference; explicitFileType = wrapper.framework; includeInIndex = 0; path = Pods_Task.framework; sourceTree = BUILT_PRODUCTS_DIR; };
/* End PBXFileReference section */

/* Begin PBXFrameworksBuildPhase section */
		AFD925781DB9BFFB0031EC20 /* Frameworks */ = {
			isa = PBXFrameworksBuildPhase;
			buildActionMask = 2147483647;
			files = (
				6C023153D2A94B432DB9B7BE /* Pods_Task.framework in Frameworks */,
			);
			runOnlyForDeploymentPostprocessing = 0;
		};
/* End PBXFrameworksBuildPhase section */

/* Begin PBXGroup section */
		557B659478F91EBA06D51D3A /* Pods */ = {
			isa = PBXGroup;
			children = (
				4EA89D04B71560E8DD7E1F21 /* Pods-Task.debug.xcconfig */,
				228E40773CCA572F00EB1475 /* Pods-Task.release.xcconfig */,
			);
			name = Pods;
			sourceTree = "<group>";
		};
		673AA70C847F1BCCEA2794A1 /* Frameworks */ = {
			isa = PBXGroup;
			children = (
				D2B947A8483CA04A9DA5DC98 /* Pods_Task.framework */,
			);
			name = Frameworks;
			sourceTree = "<group>";
		};
		AF02C36B1DB9DF9A00E1496E /* Extensions */ = {
			isa = PBXGroup;
			children = (
				AF02C3651DB9CC6400E1496E /* TextFieldExtension.swift */,
				AF02C3761DB9E4A600E1496E /* NSDate+Extension.swift */,
				AF02C3801DB9EF4300E1496E /* String+Extension.swift */,
			);
			name = Extensions;
			sourceTree = "<group>";
		};
		AFD925721DB9BFFB0031EC20 = {
			isa = PBXGroup;
			children = (
				AFD9257D1DB9BFFB0031EC20 /* Task */,
				AFD9257C1DB9BFFB0031EC20 /* Products */,
				557B659478F91EBA06D51D3A /* Pods */,
				673AA70C847F1BCCEA2794A1 /* Frameworks */,
			);
			sourceTree = "<group>";
		};
		AFD9257C1DB9BFFB0031EC20 /* Products */ = {
			isa = PBXGroup;
			children = (
				AFD9257B1DB9BFFB0031EC20 /* Task.app */,
			);
			name = Products;
			sourceTree = "<group>";
		};
		AFD9257D1DB9BFFB0031EC20 /* Task */ = {
			isa = PBXGroup;
			children = (
				AFD925941DB9C1150031EC20 /* Controllers */,
				AFD9257E1DB9BFFB0031EC20 /* AppDelegate.swift */,
				AFD925851DB9BFFB0031EC20 /* Assets.xcassets */,
				AFD925871DB9BFFB0031EC20 /* LaunchScreen.storyboard */,
				AFD925901DB9C0050031EC20 /* GoogleService-Info.plist */,
				AFD9258A1DB9BFFB0031EC20 /* Info.plist */,
				AFD9259B1DB9C1950031EC20 /* Views */,
				AFD925A91DB9C5A40031EC20 /* Models */,
				AF02C36B1DB9DF9A00E1496E /* Extensions */,
			);
			path = Task;
			sourceTree = "<group>";
		};
		AFD925941DB9C1150031EC20 /* Controllers */ = {
			isa = PBXGroup;
			children = (
				AFD925921DB9C1100031EC20 /* TabBarController.swift */,
				AFD925971DB9C1620031EC20 /* LoginViewController.swift */,
				AFD925951DB9C1490031EC20 /* HomeViewController.swift */,
				AF02C36E1DB9E24700E1496E /* TaskListViewController.swift */,
				AF02C3701DB9E27500E1496E /* ProfileViewController.swift */,
				AF02C3721DB9E29A00E1496E /* AddTaskViewController.swift */,
				AF02C37C1DB9E9A800E1496E /* SignupViewController.swift */,
			);
			name = Controllers;
			sourceTree = "<group>";
		};
		AFD9259B1DB9C1950031EC20 /* Views */ = {
			isa = PBXGroup;
			children = (
				AFD925991DB9C1880031EC20 /* LoginView.swift */,
				AFD925A71DB9C5810031EC20 /* TaskCell.swift */,
				AF02C36C1DB9E0F600E1496E /* Constants.swift */,
				AF02C3781DB9E91000E1496E /* AddTaskView.swift */,
				AF02C37A1DB9E96000E1496E /* SignupView.swift */,
				AF02C37E1DB9EF0D00E1496E /* LoadingView.swift */,
			);
			name = Views;
			sourceTree = "<group>";
		};
		AFD925A91DB9C5A40031EC20 /* Models */ = {
			isa = PBXGroup;
			children = (
				AF02C3691DB9DF8A00E1496E /* DataStore.swift */,
				AFD925A11DB9C4C50031EC20 /* Task.swift */,
				AF02C3741DB9E47A00E1496E /* User.swift */,
			);
			name = Models;
			sourceTree = "<group>";
		};
/* End PBXGroup section */

/* Begin PBXNativeTarget section */
		AFD9257A1DB9BFFB0031EC20 /* Task */ = {
			isa = PBXNativeTarget;
			buildConfigurationList = AFD9258D1DB9BFFB0031EC20 /* Build configuration list for PBXNativeTarget "Task" */;
			buildPhases = (
				C0F42FEB5B0B5DC5CC1BB8F8 /* [CP] Check Pods Manifest.lock */,
				AFD925771DB9BFFB0031EC20 /* Sources */,
				AFD925781DB9BFFB0031EC20 /* Frameworks */,
				AFD925791DB9BFFB0031EC20 /* Resources */,
				1212098FABCF829C0F3E8686 /* [CP] Embed Pods Frameworks */,
				955344359FFBDD854390349A /* [CP] Copy Pods Resources */,
			);
			buildRules = (
			);
			dependencies = (
			);
			name = Task;
			productName = Task;
			productReference = AFD9257B1DB9BFFB0031EC20 /* Task.app */;
			productType = "com.apple.product-type.application";
		};
/* End PBXNativeTarget section */

/* Begin PBXProject section */
		AFD925731DB9BFFB0031EC20 /* Project object */ = {
			isa = PBXProject;
			attributes = {
				LastSwiftUpdateCheck = 0800;
				LastUpgradeCheck = 0810;
				ORGANIZATIONNAME = "Christopher Webb-Orenstein";
				TargetAttributes = {
					AFD9257A1DB9BFFB0031EC20 = {
						CreatedOnToolsVersion = 8.0;
						DevelopmentTeam = 4SZP4Q326F;
						ProvisioningStyle = Automatic;
					};
				};
			};
			buildConfigurationList = AFD925761DB9BFFB0031EC20 /* Build configuration list for PBXProject "Task" */;
			compatibilityVersion = "Xcode 3.2";
			developmentRegion = English;
			hasScannedForEncodings = 0;
			knownRegions = (
				en,
				Base,
			);
			mainGroup = AFD925721DB9BFFB0031EC20;
			productRefGroup = AFD9257C1DB9BFFB0031EC20 /* Products */;
			projectDirPath = "";
			projectRoot = "";
			targets = (
				AFD9257A1DB9BFFB0031EC20 /* Task */,
			);
		};
/* End PBXProject section */

/* Begin PBXResourcesBuildPhase section */
		AFD925791DB9BFFB0031EC20 /* Resources */ = {
			isa = PBXResourcesBuildPhase;
			buildActionMask = 2147483647;
			files = (
				AFD925911DB9C0050031EC20 /* GoogleService-Info.plist in Resources */,
				AFD925891DB9BFFB0031EC20 /* LaunchScreen.storyboard in Resources */,
				AFD925861DB9BFFB0031EC20 /* Assets.xcassets in Resources */,
			);
			runOnlyForDeploymentPostprocessing = 0;
		};
/* End PBXResourcesBuildPhase section */

/* Begin PBXShellScriptBuildPhase section */
		1212098FABCF829C0F3E8686 /* [CP] Embed Pods Frameworks */ = {
			isa = PBXShellScriptBuildPhase;
			buildActionMask = 2147483647;
			files = (
			);
			inputPaths = (
			);
			name = "[CP] Embed Pods Frameworks";
			outputPaths = (
			);
			runOnlyForDeploymentPostprocessing = 0;
			shellPath = /bin/sh;
			shellScript = "\"${SRCROOT}/Pods/Target Support Files/Pods-Task/Pods-Task-frameworks.sh\"\n";
			showEnvVarsInLog = 0;
		};
		955344359FFBDD854390349A /* [CP] Copy Pods Resources */ = {
			isa = PBXShellScriptBuildPhase;
			buildActionMask = 2147483647;
			files = (
			);
			inputPaths = (
			);
			name = "[CP] Copy Pods Resources";
			outputPaths = (
			);
			runOnlyForDeploymentPostprocessing = 0;
			shellPath = /bin/sh;
			shellScript = "\"${SRCROOT}/Pods/Target Support Files/Pods-Task/Pods-Task-resources.sh\"\n";
			showEnvVarsInLog = 0;
		};
		C0F42FEB5B0B5DC5CC1BB8F8 /* [CP] Check Pods Manifest.lock */ = {
			isa = PBXShellScriptBuildPhase;
			buildActionMask = 2147483647;
			files = (
			);
			inputPaths = (
			);
			name = "[CP] Check Pods Manifest.lock";
			outputPaths = (
			);
			runOnlyForDeploymentPostprocessing = 0;
			shellPath = /bin/sh;
			shellScript = "diff \"${PODS_ROOT}/../Podfile.lock\" \"${PODS_ROOT}/Manifest.lock\" > /dev/null\nif [ $? != 0 ] ; then\n    # print error to STDERR\n    echo \"error: The sandbox is not in sync with the Podfile.lock. Run 'pod install' or update your CocoaPods installation.\" >&2\n    exit 1\nfi\n";
			showEnvVarsInLog = 0;
		};
/* End PBXShellScriptBuildPhase section */

/* Begin PBXSourcesBuildPhase section */
		AFD925771DB9BFFB0031EC20 /* Sources */ = {
			isa = PBXSourcesBuildPhase;
			buildActionMask = 2147483647;
			files = (
				AF02C37D1DB9E9A800E1496E /* SignupViewController.swift in Sources */,
				AFD925A21DB9C4C50031EC20 /* Task.swift in Sources */,
				AF02C36F1DB9E24700E1496E /* TaskListViewController.swift in Sources */,
				AFD925981DB9C1620031EC20 /* LoginViewController.swift in Sources */,
				AF02C3791DB9E91000E1496E /* AddTaskView.swift in Sources */,
				AFD925931DB9C1100031EC20 /* TabBarController.swift in Sources */,
				AF02C37B1DB9E96000E1496E /* SignupView.swift in Sources */,
				AFD9257F1DB9BFFB0031EC20 /* AppDelegate.swift in Sources */,
				AF02C3811DB9EF4300E1496E /* String+Extension.swift in Sources */,
				AFD9259A1DB9C1880031EC20 /* LoginView.swift in Sources */,
				AF02C3751DB9E47A00E1496E /* User.swift in Sources */,
				AF02C3711DB9E27500E1496E /* ProfileViewController.swift in Sources */,
				AF02C36D1DB9E0F600E1496E /* Constants.swift in Sources */,
				AF02C3771DB9E4A600E1496E /* NSDate+Extension.swift in Sources */,
				AF02C3661DB9CC6400E1496E /* TextFieldExtension.swift in Sources */,
				AFD925A81DB9C5810031EC20 /* TaskCell.swift in Sources */,
				AF02C36A1DB9DF8A00E1496E /* DataStore.swift in Sources */,
				AFD925961DB9C1490031EC20 /* HomeViewController.swift in Sources */,
				AF02C37F1DB9EF0D00E1496E /* LoadingView.swift in Sources */,
				AF02C3731DB9E29A00E1496E /* AddTaskViewController.swift in Sources */,
			);
			runOnlyForDeploymentPostprocessing = 0;
		};
/* End PBXSourcesBuildPhase section */

/* Begin PBXVariantGroup section */
		AFD925871DB9BFFB0031EC20 /* LaunchScreen.storyboard */ = {
			isa = PBXVariantGroup;
			children = (
				AFD925881DB9BFFB0031EC20 /* Base */,
			);
			name = LaunchScreen.storyboard;
			sourceTree = "<group>";
		};
/* End PBXVariantGroup section */

/* Begin XCBuildConfiguration section */
		AFD9258B1DB9BFFB0031EC20 /* Debug */ = {
			isa = XCBuildConfiguration;
			buildSettings = {
				ALWAYS_SEARCH_USER_PATHS = NO;
				CLANG_ANALYZER_NONNULL = YES;
				CLANG_CXX_LANGUAGE_STANDARD = "gnu++0x";
				CLANG_CXX_LIBRARY = "libc++";
				CLANG_ENABLE_MODULES = YES;
				CLANG_ENABLE_OBJC_ARC = YES;
				CLANG_WARN_BOOL_CONVERSION = YES;
				CLANG_WARN_CONSTANT_CONVERSION = YES;
				CLANG_WARN_DIRECT_OBJC_ISA_USAGE = YES_ERROR;
				CLANG_WARN_DOCUMENTATION_COMMENTS = YES;
				CLANG_WARN_EMPTY_BODY = YES;
				CLANG_WARN_ENUM_CONVERSION = YES;
				CLANG_WARN_INFINITE_RECURSION = YES;
				CLANG_WARN_INT_CONVERSION = YES;
				CLANG_WARN_OBJC_ROOT_CLASS = YES_ERROR;
				CLANG_WARN_SUSPICIOUS_MOVE = YES;
				CLANG_WARN_SUSPICIOUS_MOVES = YES;
				CLANG_WARN_UNREACHABLE_CODE = YES;
				CLANG_WARN__DUPLICATE_METHOD_MATCH = YES;
				"CODE_SIGN_IDENTITY[sdk=iphoneos*]" = "iPhone Developer";
				COPY_PHASE_STRIP = NO;
				DEBUG_INFORMATION_FORMAT = dwarf;
				ENABLE_STRICT_OBJC_MSGSEND = YES;
				ENABLE_TESTABILITY = YES;
				GCC_C_LANGUAGE_STANDARD = gnu99;
				GCC_DYNAMIC_NO_PIC = NO;
				GCC_NO_COMMON_BLOCKS = YES;
				GCC_OPTIMIZATION_LEVEL = 0;
				GCC_PREPROCESSOR_DEFINITIONS = (
					"DEBUG=1",
					"$(inherited)",
				);
				GCC_WARN_64_TO_32_BIT_CONVERSION = YES;
				GCC_WARN_ABOUT_RETURN_TYPE = YES_ERROR;
				GCC_WARN_UNDECLARED_SELECTOR = YES;
				GCC_WARN_UNINITIALIZED_AUTOS = YES_AGGRESSIVE;
				GCC_WARN_UNUSED_FUNCTION = YES;
				GCC_WARN_UNUSED_VARIABLE = YES;
				IPHONEOS_DEPLOYMENT_TARGET = 10.0;
				MTL_ENABLE_DEBUG_INFO = YES;
				ONLY_ACTIVE_ARCH = YES;
				SDKROOT = iphoneos;
				SWIFT_ACTIVE_COMPILATION_CONDITIONS = DEBUG;
				SWIFT_OPTIMIZATION_LEVEL = "-Onone";
			};
			name = Debug;
		};
		AFD9258C1DB9BFFB0031EC20 /* Release */ = {
			isa = XCBuildConfiguration;
			buildSettings = {
				ALWAYS_SEARCH_USER_PATHS = NO;
				CLANG_ANALYZER_NONNULL = YES;
				CLANG_CXX_LANGUAGE_STANDARD = "gnu++0x";
				CLANG_CXX_LIBRARY = "libc++";
				CLANG_ENABLE_MODULES = YES;
				CLANG_ENABLE_OBJC_ARC = YES;
				CLANG_WARN_BOOL_CONVERSION = YES;
				CLANG_WARN_CONSTANT_CONVERSION = YES;
				CLANG_WARN_DIRECT_OBJC_ISA_USAGE = YES_ERROR;
				CLANG_WARN_DOCUMENTATION_COMMENTS = YES;
				CLANG_WARN_EMPTY_BODY = YES;
				CLANG_WARN_ENUM_CONVERSION = YES;
				CLANG_WARN_INFINITE_RECURSION = YES;
				CLANG_WARN_INT_CONVERSION = YES;
				CLANG_WARN_OBJC_ROOT_CLASS = YES_ERROR;
				CLANG_WARN_SUSPICIOUS_MOVE = YES;
				CLANG_WARN_SUSPICIOUS_MOVES = YES;
				CLANG_WARN_UNREACHABLE_CODE = YES;
				CLANG_WARN__DUPLICATE_METHOD_MATCH = YES;
				"CODE_SIGN_IDENTITY[sdk=iphoneos*]" = "iPhone Developer";
				COPY_PHASE_STRIP = NO;
				DEBUG_INFORMATION_FORMAT = "dwarf-with-dsym";
				ENABLE_NS_ASSERTIONS = NO;
				ENABLE_STRICT_OBJC_MSGSEND = YES;
				GCC_C_LANGUAGE_STANDARD = gnu99;
				GCC_NO_COMMON_BLOCKS = YES;
				GCC_WARN_64_TO_32_BIT_CONVERSION = YES;
				GCC_WARN_ABOUT_RETURN_TYPE = YES_ERROR;
				GCC_WARN_UNDECLARED_SELECTOR = YES;
				GCC_WARN_UNINITIALIZED_AUTOS = YES_AGGRESSIVE;
				GCC_WARN_UNUSED_FUNCTION = YES;
				GCC_WARN_UNUSED_VARIABLE = YES;
				IPHONEOS_DEPLOYMENT_TARGET = 10.0;
				MTL_ENABLE_DEBUG_INFO = NO;
				SDKROOT = iphoneos;
				SWIFT_OPTIMIZATION_LEVEL = "-Owholemodule";
				VALIDATE_PRODUCT = YES;
			};
			name = Release;
		};
		AFD9258E1DB9BFFB0031EC20 /* Debug */ = {
			isa = XCBuildConfiguration;
			baseConfigurationReference = 4EA89D04B71560E8DD7E1F21 /* Pods-Task.debug.xcconfig */;
			buildSettings = {
				ASSETCATALOG_COMPILER_APPICON_NAME = AppIcon;
				DEVELOPMENT_TEAM = 4SZP4Q326F;
				INFOPLIST_FILE = Task/Info.plist;
				LD_RUNPATH_SEARCH_PATHS = "$(inherited) @executable_path/Frameworks";
				PRODUCT_BUNDLE_IDENTIFIER = webb.chris.Task;
				PRODUCT_NAME = "$(TARGET_NAME)";
				SWIFT_VERSION = 3.0;
			};
			name = Debug;
		};
		AFD9258F1DB9BFFB0031EC20 /* Release */ = {
			isa = XCBuildConfiguration;
			baseConfigurationReference = 228E40773CCA572F00EB1475 /* Pods-Task.release.xcconfig */;
			buildSettings = {
				ASSETCATALOG_COMPILER_APPICON_NAME = AppIcon;
				DEVELOPMENT_TEAM = 4SZP4Q326F;
				INFOPLIST_FILE = Task/Info.plist;
				LD_RUNPATH_SEARCH_PATHS = "$(inherited) @executable_path/Frameworks";
				PRODUCT_BUNDLE_IDENTIFIER = webb.chris.Task;
				PRODUCT_NAME = "$(TARGET_NAME)";
				SWIFT_VERSION = 3.0;
			};
			name = Release;
		};
/* End XCBuildConfiguration section */

/* Begin XCConfigurationList section */
		AFD925761DB9BFFB0031EC20 /* Build configuration list for PBXProject "Task" */ = {
			isa = XCConfigurationList;
			buildConfigurations = (
				AFD9258B1DB9BFFB0031EC20 /* Debug */,
				AFD9258C1DB9BFFB0031EC20 /* Release */,
			);
			defaultConfigurationIsVisible = 0;
			defaultConfigurationName = Release;
		};
		AFD9258D1DB9BFFB0031EC20 /* Build configuration list for PBXNativeTarget "Task" */ = {
			isa = XCConfigurationList;
			buildConfigurations = (
				AFD9258E1DB9BFFB0031EC20 /* Debug */,
				AFD9258F1DB9BFFB0031EC20 /* Release */,
			);
			defaultConfigurationIsVisible = 0;
			defaultConfigurationName = Release;
		};
/* End XCConfigurationList section */
	};
	rootObject = AFD925731DB9BFFB0031EC20 /* Project object */;
}
